
Microsoft Visual Studio Solution File, Format Version 12.00
# Visual Studio Version 17
VisualStudioVersion = 17.0.32112.339
MinimumVisualStudioVersion = 10.0.40219.1
Project("{9A19103F-16F7-4668-BE54-9A1E7A4F7556}") = "API", "API\API.csproj", "{6EE3AD77-EC0B-41D7-8445-65ADD9753C5E}"
EndProject
Project("{2150E333-8FDC-42A3-9474-1A3956D46DE8}") = "src", "src", "{F45BF7F5-3C09-498E-960F-FD8FD0D3555B}"
EndProject
Project("{2150E333-8FDC-42A3-9474-1A3956D46DE8}") = "API", "API", "{79209D9B-72F0-4FB1-AFF8-25C30398BFDC}"
EndProject
Project("{2150E333-8FDC-42A3-9474-1A3956D46DE8}") = "Infrastructure", "Infrastructure", "{E333B2A0-392B-4E7C-A628-76CC9ED9149D}"
EndProject
Project("{2150E333-8FDC-42A3-9474-1A3956D46DE8}") = "Core", "Core", "{0B3E505E-61E5-4852-A164-F5A0125FE892}"
EndProject
Project("{2150E333-8FDC-42A3-9474-1A3956D46DE8}") = "test", "test", "{98A9F8C6-AAE1-42E9-97A9-A97016CF2D05}"
EndProject
Project("{9A19103F-16F7-4668-BE54-9A1E7A4F7556}") = "Ecommerce.Domain", "Ecommerce.Domain\Ecommerce.Domain.csproj", "{303AB8C5-9EC6-4C4C-A528-0F80E3101F1E}"
EndProject
Project("{9A19103F-16F7-4668-BE54-9A1E7A4F7556}") = "Ecommerce.Application", "Ecommerce.Application\Ecommerce.Application.csproj", "{A2D6D464-638D-4069-AEA0-CD0B33649A0F}"
EndProject
Project("{9A19103F-16F7-4668-BE54-9A1E7A4F7556}") = "Ecommerce.Persistence", "Ecommerce.Persistence\Ecommerce.Persistence.csproj", "{E367C500-01E8-43B1-B4F0-B338507DFB78}"
EndProject
Project("{9A19103F-16F7-4668-BE54-9A1E7A4F7556}") = "Ecommerce.Identity", "Ecommerce.Identity\Ecommerce.Identity.csproj", "{A3AD6DFE-16AF-4C07-8D56-F2EF37115237}"
EndProject
Project("{9A19103F-16F7-4668-BE54-9A1E7A4F7556}") = "Ecommerce.Infrastructure", "Ecommerce.Infrastructure\Ecommerce.Infrastructure.csproj", "{29819B4A-17A1-41D0-885E-82A943CC277F}"
EndProject
Global
	GlobalSection(SolutionConfigurationPlatforms) = preSolution
		Debug|Any CPU = Debug|Any CPU
		Release|Any CPU = Release|Any CPU
	EndGlobalSection
	GlobalSection(ProjectConfigurationPlatforms) = postSolution
		{6EE3AD77-EC0B-41D7-8445-65ADD9753C5E}.Debug|Any CPU.ActiveCfg = Debug|Any CPU
		{6EE3AD77-EC0B-41D7-8445-65ADD9753C5E}.Debug|Any CPU.Build.0 = Debug|Any CPU
		{6EE3AD77-EC0B-41D7-8445-65ADD9753C5E}.Release|Any CPU.ActiveCfg = Release|Any CPU
		{6EE3AD77-EC0B-41D7-8445-65ADD9753C5E}.Release|Any CPU.Build.0 = Release|Any CPU
		{303AB8C5-9EC6-4C4C-A528-0F80E3101F1E}.Debug|Any CPU.ActiveCfg = Debug|Any CPU
		{303AB8C5-9EC6-4C4C-A528-0F80E3101F1E}.Debug|Any CPU.Build.0 = Debug|Any CPU
		{303AB8C5-9EC6-4C4C-A528-0F80E3101F1E}.Release|Any CPU.ActiveCfg = Release|Any CPU
		{303AB8C5-9EC6-4C4C-A528-0F80E3101F1E}.Release|Any CPU.Build.0 = Release|Any CPU
		{A2D6D464-638D-4069-AEA0-CD0B33649A0F}.Debug|Any CPU.ActiveCfg = Debug|Any CPU
		{A2D6D464-638D-4069-AEA0-CD0B33649A0F}.Debug|Any CPU.Build.0 = Debug|Any CPU
		{A2D6D464-638D-4069-AEA0-CD0B33649A0F}.Release|Any CPU.ActiveCfg = Release|Any CPU
		{A2D6D464-638D-4069-AEA0-CD0B33649A0F}.Release|Any CPU.Build.0 = Release|Any CPU
		{E367C500-01E8-43B1-B4F0-B338507DFB78}.Debug|Any CPU.ActiveCfg = Debug|Any CPU
		{E367C500-01E8-43B1-B4F0-B338507DFB78}.Debug|Any CPU.Build.0 = Debug|Any CPU
		{E367C500-01E8-43B1-B4F0-B338507DFB78}.Release|Any CPU.ActiveCfg = Release|Any CPU
		{E367C500-01E8-43B1-B4F0-B338507DFB78}.Release|Any CPU.Build.0 = Release|Any CPU
		{A3AD6DFE-16AF-4C07-8D56-F2EF37115237}.Debug|Any CPU.ActiveCfg = Debug|Any CPU
		{A3AD6DFE-16AF-4C07-8D56-F2EF37115237}.Debug|Any CPU.Build.0 = Debug|Any CPU
		{A3AD6DFE-16AF-4C07-8D56-F2EF37115237}.Release|Any CPU.ActiveCfg = Release|Any CPU
		{A3AD6DFE-16AF-4C07-8D56-F2EF37115237}.Release|Any CPU.Build.0 = Release|Any CPU
		{29819B4A-17A1-41D0-885E-82A943CC277F}.Debug|Any CPU.ActiveCfg = Debug|Any CPU
		{29819B4A-17A1-41D0-885E-82A943CC277F}.Debug|Any CPU.Build.0 = Debug|Any CPU
		{29819B4A-17A1-41D0-885E-82A943CC277F}.Release|Any CPU.ActiveCfg = Release|Any CPU
		{29819B4A-17A1-41D0-885E-82A943CC277F}.Release|Any CPU.Build.0 = Release|Any CPU
	EndGlobalSection
	GlobalSection(SolutionProperties) = preSolution
		HideSolutionNode = FALSE
	EndGlobalSection
	GlobalSection(NestedProjects) = preSolution
		{6EE3AD77-EC0B-41D7-8445-65ADD9753C5E} = {79209D9B-72F0-4FB1-AFF8-25C30398BFDC}
		{79209D9B-72F0-4FB1-AFF8-25C30398BFDC} = {F45BF7F5-3C09-498E-960F-FD8FD0D3555B}
		{E333B2A0-392B-4E7C-A628-76CC9ED9149D} = {F45BF7F5-3C09-498E-960F-FD8FD0D3555B}
		{0B3E505E-61E5-4852-A164-F5A0125FE892} = {F45BF7F5-3C09-498E-960F-FD8FD0D3555B}
		{303AB8C5-9EC6-4C4C-A528-0F80E3101F1E} = {0B3E505E-61E5-4852-A164-F5A0125FE892}
		{A2D6D464-638D-4069-AEA0-CD0B33649A0F} = {0B3E505E-61E5-4852-A164-F5A0125FE892}
		{E367C500-01E8-43B1-B4F0-B338507DFB78} = {E333B2A0-392B-4E7C-A628-76CC9ED9149D}
		{A3AD6DFE-16AF-4C07-8D56-F2EF37115237} = {E333B2A0-392B-4E7C-A628-76CC9ED9149D}
		{29819B4A-17A1-41D0-885E-82A943CC277F} = {E333B2A0-392B-4E7C-A628-76CC9ED9149D}
	EndGlobalSection
	GlobalSection(ExtensibilityGlobals) = postSolution
		SolutionGuid = {1131B49F-CE86-4F03-BF4D-BBC379B4D02A}
	EndGlobalSection
EndGlobal
